
Microsoft Visual Studio Solution File, Format Version 12.00
# Visual Studio Version 17
VisualStudioVersion = 17.14.36310.24 d17.14
MinimumVisualStudioVersion = 10.0.40219.1
Project("{FAE04EC0-301F-11D3-BF4B-00C04F79EFBC}") = "Assignment 5.2.2 and 5.2.3", "Assignment 5.2.2 and 5.2.3.csproj", "{363678DC-6432-42B1-8213-7BB9A39FDF5E}"
EndProject
Global
	GlobalSection(SolutionConfigurationPlatforms) = preSolution
		Debug|Any CPU = Debug|Any CPU
		Release|Any CPU = Release|Any CPU
	EndGlobalSection
	GlobalSection(ProjectConfigurationPlatforms) = postSolution
		{363678DC-6432-42B1-8213-7BB9A39FDF5E}.Debug|Any CPU.ActiveCfg = Debug|Any CPU
		{363678DC-6432-42B1-8213-7BB9A39FDF5E}.Debug|Any CPU.Build.0 = Debug|Any CPU
		{363678DC-6432-42B1-8213-7BB9A39FDF5E}.Release|Any CPU.ActiveCfg = Release|Any CPU
		{363678DC-6432-42B1-8213-7BB9A39FDF5E}.Release|Any CPU.Build.0 = Release|Any CPU
	EndGlobalSection
	GlobalSection(SolutionProperties) = preSolution
		HideSolutionNode = FALSE
	EndGlobalSection
	GlobalSection(ExtensibilityGlobals) = postSolution
		SolutionGuid = {8BF94F3F-8A88-492E-A56C-8DA23C2DC23B}
	EndGlobalSection
EndGlobal
